
Microsoft Visual Studio Solution File, Format Version 12.00
# Visual Studio Version 16
VisualStudioVersion = 16.0.30804.86
MinimumVisualStudioVersion = 10.0.40219.1
Project("{FAE04EC0-301F-11D3-BF4B-00C04F79EFBC}") = "CovidInfo", "CovidInfo.csproj", "{8664D8DF-2280-4292-A51B-926AC919A917}"
EndProject
Global
	GlobalSection(SolutionConfigurationPlatforms) = preSolution
		Debug|Any CPU = Debug|Any CPU
		Release|Any CPU = Release|Any CPU
	EndGlobalSection
	GlobalSection(ProjectConfigurationPlatforms) = postSolution
		{8664D8DF-2280-4292-A51B-926AC919A917}.Debug|Any CPU.ActiveCfg = Debug|Any CPU
		{8664D8DF-2280-4292-A51B-926AC919A917}.Debug|Any CPU.Build.0 = Debug|Any CPU
		{8664D8DF-2280-4292-A51B-926AC919A917}.Release|Any CPU.ActiveCfg = Release|Any CPU
		{8664D8DF-2280-4292-A51B-926AC919A917}.Release|Any CPU.Build.0 = Release|Any CPU
	EndGlobalSection
	GlobalSection(SolutionProperties) = preSolution
		HideSolutionNode = FALSE
	EndGlobalSection
	GlobalSection(ExtensibilityGlobals) = postSolution
		SolutionGuid = {0878B0E7-34A6-42A9-8D68-F73738398701}
	EndGlobalSection
EndGlobal
